
Microsoft Visual Studio Solution File, Format Version 12.00
# Visual Studio Version 16
VisualStudioVersion = 16.0.30503.244
MinimumVisualStudioVersion = 15.0.26124.0
Project("{9A19103F-16F7-4668-BE54-9A1E7A4F7556}") = "SportsStore", "SportsStore\SportsStore.csproj", "{38F7BD29-DCC5-4A26-ABE4-0813EA5944E8}"
EndProject
Project("{9A19103F-16F7-4668-BE54-9A1E7A4F7556}") = "SportsStore.Tests", "SportsStore.Tests\SportsStore.Tests.csproj", "{0C49754D-65E9-4728-85C6-B5398BB9F4D5}"
EndProject
Global
	GlobalSection(SolutionConfigurationPlatforms) = preSolution
		Debug|Any CPU = Debug|Any CPU
		Debug|x64 = Debug|x64
		Debug|x86 = Debug|x86
		Release|Any CPU = Release|Any CPU
		Release|x64 = Release|x64
		Release|x86 = Release|x86
	EndGlobalSection
	GlobalSection(ProjectConfigurationPlatforms) = postSolution
		{38F7BD29-DCC5-4A26-ABE4-0813EA5944E8}.Debug|Any CPU.ActiveCfg = Debug|Any CPU
		{38F7BD29-DCC5-4A26-ABE4-0813EA5944E8}.Debug|Any CPU.Build.0 = Debug|Any CPU
		{38F7BD29-DCC5-4A26-ABE4-0813EA5944E8}.Debug|x64.ActiveCfg = Debug|Any CPU
		{38F7BD29-DCC5-4A26-ABE4-0813EA5944E8}.Debug|x64.Build.0 = Debug|Any CPU
		{38F7BD29-DCC5-4A26-ABE4-0813EA5944E8}.Debug|x86.ActiveCfg = Debug|Any CPU
		{38F7BD29-DCC5-4A26-ABE4-0813EA5944E8}.Debug|x86.Build.0 = Debug|Any CPU
		{38F7BD29-DCC5-4A26-ABE4-0813EA5944E8}.Release|Any CPU.ActiveCfg = Release|Any CPU
		{38F7BD29-DCC5-4A26-ABE4-0813EA5944E8}.Release|Any CPU.Build.0 = Release|Any CPU
		{38F7BD29-DCC5-4A26-ABE4-0813EA5944E8}.Release|x64.ActiveCfg = Release|Any CPU
		{38F7BD29-DCC5-4A26-ABE4-0813EA5944E8}.Release|x64.Build.0 = Release|Any CPU
		{38F7BD29-DCC5-4A26-ABE4-0813EA5944E8}.Release|x86.ActiveCfg = Release|Any CPU
		{38F7BD29-DCC5-4A26-ABE4-0813EA5944E8}.Release|x86.Build.0 = Release|Any CPU
		{0C49754D-65E9-4728-85C6-B5398BB9F4D5}.Debug|Any CPU.ActiveCfg = Debug|Any CPU
		{0C49754D-65E9-4728-85C6-B5398BB9F4D5}.Debug|Any CPU.Build.0 = Debug|Any CPU
		{0C49754D-65E9-4728-85C6-B5398BB9F4D5}.Debug|x64.ActiveCfg = Debug|Any CPU
		{0C49754D-65E9-4728-85C6-B5398BB9F4D5}.Debug|x64.Build.0 = Debug|Any CPU
		{0C49754D-65E9-4728-85C6-B5398BB9F4D5}.Debug|x86.ActiveCfg = Debug|Any CPU
		{0C49754D-65E9-4728-85C6-B5398BB9F4D5}.Debug|x86.Build.0 = Debug|Any CPU
		{0C49754D-65E9-4728-85C6-B5398BB9F4D5}.Release|Any CPU.ActiveCfg = Release|Any CPU
		{0C49754D-65E9-4728-85C6-B5398BB9F4D5}.Release|Any CPU.Build.0 = Release|Any CPU
		{0C49754D-65E9-4728-85C6-B5398BB9F4D5}.Release|x64.ActiveCfg = Release|Any CPU
		{0C49754D-65E9-4728-85C6-B5398BB9F4D5}.Release|x64.Build.0 = Release|Any CPU
		{0C49754D-65E9-4728-85C6-B5398BB9F4D5}.Release|x86.ActiveCfg = Release|Any CPU
		{0C49754D-65E9-4728-85C6-B5398BB9F4D5}.Release|x86.Build.0 = Release|Any CPU
	EndGlobalSection
	GlobalSection(SolutionProperties) = preSolution
		HideSolutionNode = FALSE
	EndGlobalSection
	GlobalSection(ExtensibilityGlobals) = postSolution
		SolutionGuid = {591CF5B4-8140-469C-91D9-4B925575CA22}
	EndGlobalSection
EndGlobal
